
Microsoft Visual Studio Solution File, Format Version 12.00
# Visual Studio Version 17
VisualStudioVersion = 17.3.32901.215
MinimumVisualStudioVersion = 10.0.40219.1
Project("{FAE04EC0-301F-11D3-BF4B-00C04F79EFBC}") = "InheritanceStudent", "InheritanceStudent\InheritanceStudent.csproj", "{06547AB6-ACDC-4F71-AAFF-B2A32C719F89}"
EndProject
Global
	GlobalSection(SolutionConfigurationPlatforms) = preSolution
		Debug|Any CPU = Debug|Any CPU
		Release|Any CPU = Release|Any CPU
	EndGlobalSection
	GlobalSection(ProjectConfigurationPlatforms) = postSolution
		{06547AB6-ACDC-4F71-AAFF-B2A32C719F89}.Debug|Any CPU.ActiveCfg = Debug|Any CPU
		{06547AB6-ACDC-4F71-AAFF-B2A32C719F89}.Debug|Any CPU.Build.0 = Debug|Any CPU
		{06547AB6-ACDC-4F71-AAFF-B2A32C719F89}.Release|Any CPU.ActiveCfg = Release|Any CPU
		{06547AB6-ACDC-4F71-AAFF-B2A32C719F89}.Release|Any CPU.Build.0 = Release|Any CPU
	EndGlobalSection
	GlobalSection(SolutionProperties) = preSolution
		HideSolutionNode = FALSE
	EndGlobalSection
	GlobalSection(ExtensibilityGlobals) = postSolution
		SolutionGuid = {CE8276C1-882E-4C0F-8EBD-FE9165A654B7}
	EndGlobalSection
EndGlobal
